
Microsoft Visual Studio Solution File, Format Version 12.00
# Visual Studio Version 16
VisualStudioVersion = 16.0.29609.76
MinimumVisualStudioVersion = 10.0.40219.1
Project("{FAE04EC0-301F-11D3-BF4B-00C04F79EFBC}") = "AreasExample", "AreasExample.csproj", "{F3E56D05-3C1D-4786-A81C-227BE2BA849E}"
EndProject
Global
	GlobalSection(SolutionConfigurationPlatforms) = preSolution
		Debug|Any CPU = Debug|Any CPU
		Release|Any CPU = Release|Any CPU
	EndGlobalSection
	GlobalSection(ProjectConfigurationPlatforms) = postSolution
		{F3E56D05-3C1D-4786-A81C-227BE2BA849E}.Debug|Any CPU.ActiveCfg = Debug|Any CPU
		{F3E56D05-3C1D-4786-A81C-227BE2BA849E}.Debug|Any CPU.Build.0 = Debug|Any CPU
		{F3E56D05-3C1D-4786-A81C-227BE2BA849E}.Release|Any CPU.ActiveCfg = Release|Any CPU
		{F3E56D05-3C1D-4786-A81C-227BE2BA849E}.Release|Any CPU.Build.0 = Release|Any CPU
	EndGlobalSection
	GlobalSection(SolutionProperties) = preSolution
		HideSolutionNode = FALSE
	EndGlobalSection
	GlobalSection(ExtensibilityGlobals) = postSolution
		SolutionGuid = {4A53AF9D-3825-4305-9122-9029B65A0B3C}
	EndGlobalSection
EndGlobal
